
Microsoft Visual Studio Solution File, Format Version 12.00
# Visual Studio Version 17
VisualStudioVersion = 17.0.31912.275
MinimumVisualStudioVersion = 10.0.40219.1
Project("{9A19103F-16F7-4668-BE54-9A1E7A4F7556}") = "MagiCloud", "MagiCloud\MagiCloud.csproj", "{35E2A1AF-BCAE-4170-92BB-741F36CA0882}"
EndProject
Project("{9A19103F-16F7-4668-BE54-9A1E7A4F7556}") = "MagiCommon", "MagiCommon\MagiCommon.csproj", "{B43F9F5F-8D6D-49BC-AE90-2DB024A8D25B}"
EndProject
Project("{9A19103F-16F7-4668-BE54-9A1E7A4F7556}") = "Goggles", "Goggles\Goggles.csproj", "{910E0906-3BED-482E-BC4C-146E8F503C2D}"
EndProject
Project("{9A19103F-16F7-4668-BE54-9A1E7A4F7556}") = "GogglesApi", "GogglesApi\GogglesApi.csproj", "{115F9014-00AD-40EC-AB5E-BF0F2A082371}"
EndProject
Project("{2150E333-8FDC-42A3-9474-1A3956D46DE8}") = "Solution Items", "Solution Items", "{23C9A01B-4653-494B-B327-330DF00618F2}"
	ProjectSection(SolutionItems) = preProject
		.editorconfig = .editorconfig
	EndProjectSection
EndProject
Project("{2150E333-8FDC-42A3-9474-1A3956D46DE8}") = "Tests", "Tests", "{BA312295-148B-406D-A93C-84AD92B1C53D}"
EndProject
Project("{FAE04EC0-301F-11D3-BF4B-00C04F79EFBC}") = "Goggles.Tests.Unit", "Tests\Goggles.Tests.Unit\Goggles.Tests.Unit.csproj", "{41D7740F-96D3-4AE9-9C41-DDD712D95E8C}"
EndProject
Global
	GlobalSection(SolutionConfigurationPlatforms) = preSolution
		Debug|Any CPU = Debug|Any CPU
		Release|Any CPU = Release|Any CPU
	EndGlobalSection
	GlobalSection(ProjectConfigurationPlatforms) = postSolution
		{35E2A1AF-BCAE-4170-92BB-741F36CA0882}.Debug|Any CPU.ActiveCfg = Debug|Any CPU
		{35E2A1AF-BCAE-4170-92BB-741F36CA0882}.Debug|Any CPU.Build.0 = Debug|Any CPU
		{35E2A1AF-BCAE-4170-92BB-741F36CA0882}.Release|Any CPU.ActiveCfg = Release|Any CPU
		{35E2A1AF-BCAE-4170-92BB-741F36CA0882}.Release|Any CPU.Build.0 = Release|Any CPU
		{B43F9F5F-8D6D-49BC-AE90-2DB024A8D25B}.Debug|Any CPU.ActiveCfg = Debug|Any CPU
		{B43F9F5F-8D6D-49BC-AE90-2DB024A8D25B}.Debug|Any CPU.Build.0 = Debug|Any CPU
		{B43F9F5F-8D6D-49BC-AE90-2DB024A8D25B}.Release|Any CPU.ActiveCfg = Release|Any CPU
		{B43F9F5F-8D6D-49BC-AE90-2DB024A8D25B}.Release|Any CPU.Build.0 = Release|Any CPU
		{910E0906-3BED-482E-BC4C-146E8F503C2D}.Debug|Any CPU.ActiveCfg = Debug|Any CPU
		{910E0906-3BED-482E-BC4C-146E8F503C2D}.Debug|Any CPU.Build.0 = Debug|Any CPU
		{910E0906-3BED-482E-BC4C-146E8F503C2D}.Release|Any CPU.ActiveCfg = Release|Any CPU
		{910E0906-3BED-482E-BC4C-146E8F503C2D}.Release|Any CPU.Build.0 = Release|Any CPU
		{115F9014-00AD-40EC-AB5E-BF0F2A082371}.Debug|Any CPU.ActiveCfg = Debug|Any CPU
		{115F9014-00AD-40EC-AB5E-BF0F2A082371}.Debug|Any CPU.Build.0 = Debug|Any CPU
		{115F9014-00AD-40EC-AB5E-BF0F2A082371}.Release|Any CPU.ActiveCfg = Release|Any CPU
		{115F9014-00AD-40EC-AB5E-BF0F2A082371}.Release|Any CPU.Build.0 = Release|Any CPU
		{41D7740F-96D3-4AE9-9C41-DDD712D95E8C}.Debug|Any CPU.ActiveCfg = Debug|Any CPU
		{41D7740F-96D3-4AE9-9C41-DDD712D95E8C}.Debug|Any CPU.Build.0 = Debug|Any CPU
		{41D7740F-96D3-4AE9-9C41-DDD712D95E8C}.Release|Any CPU.ActiveCfg = Release|Any CPU
		{41D7740F-96D3-4AE9-9C41-DDD712D95E8C}.Release|Any CPU.Build.0 = Release|Any CPU
	EndGlobalSection
	GlobalSection(SolutionProperties) = preSolution
		HideSolutionNode = FALSE
	EndGlobalSection
	GlobalSection(NestedProjects) = preSolution
		{41D7740F-96D3-4AE9-9C41-DDD712D95E8C} = {BA312295-148B-406D-A93C-84AD92B1C53D}
	EndGlobalSection
	GlobalSection(ExtensibilityGlobals) = postSolution
		SolutionGuid = {17B75186-3DCF-4AA6-A01F-4DA8B3D57D16}
	EndGlobalSection
EndGlobal
